{
    "_meta": {
        "hash": {
            "sha256": "c92c2b5f7f3d055a965ae20034a622ff55cb03a6890b35e36a6900422c430868"
        },
        "pipfile-spec": 6,
        "requires": {
            "python_version": "2.7"
        },
        "sources": [
            {
                "name": "pypi",
                "url": "https://pypi.org/simple",
                "verify_ssl": true
            }
        ]
    },
    "default": {
        "cachecontrol": {
            "hashes": [
                "sha256:3448e5c1ab44e6931834b982a13c09ba9534b94875c91bf05d0aad24d6ed39aa"
            ],
            "index": "pypi",
            "version": "==0.10.2"
        },
        "certifi": {
            "hashes": [
                "sha256:268fa00c27de756d71663dd61f73a4a8d8727569bb1b474b2ce6020553826872",
                "sha256:99785e6cf715cdcde59dee05a676e99f04835a71e7ced201ca317401c322ba96"
            ],
            "index": "pypi",
            "version": "==2015.4.28"
        },
        "dj-database-url": {
            "hashes": [
                "sha256:7f4c78d2a090df8dfaf56d5d3ff7bbee17360436e4879558317e2314424864cd"
            ],
            "index": "pypi",
            "version": "==0.4.1"
        },
        "django": {
            "hashes": [
                "sha256:18986bcffe69653a84eaf1faa1fa5a7eded32cee41cfecc77fdc65a3e046404d",
                "sha256:46adfe8e0abe4d1f026c1086889970b611aec492784fbdfbdaabc2457360a4a5"
            ],
            "index": "pypi",
            "version": "==1.11.13"
        },
        "django-cors-headers": {
            "hashes": [
                "sha256:fcd96e2be47c8eef34c650e007a6d546e19e7ee61041b89edbbbbe7619aa3987"
            ],
            "index": "pypi",
            "version": "==1.1.0"
        },
        "functools32": {
            "hashes": [
                "sha256:89d824aa6c358c421a234d7f9ee0bd75933a67c29588ce50aaa3acdf4d403fa0",
                "sha256:f6253dfbe0538ad2e387bd8fdfd9293c925d63553f5813c4e587745416501e6d"
            ],
            "markers": "python_version == '2.7'",
            "version": "==3.2.3.post2"
        },
        "future": {
            "hashes": [
                "sha256:62857d51881d97dd5492b9295b9f51d92108a52a4c88e2c40054c1d3e5995be9"
            ],
            "index": "pypi",
            "version": "==0.14.3"
        },
        "gunicorn": {
            "hashes": [
                "sha256:aa8e0b40b4157b36a5df5e599f45c9c76d6af43845ba3b3b0efe2c70473c2471",
                "sha256:fa2662097c66f920f53f70621c6c58ca4a3c4d3434205e608e121b5b3b71f4f3"
            ],
            "index": "pypi",
            "version": "==19.9.0"
        },
        "jsonschema": {
            "hashes": [
                "sha256:000e68abd33c972a5248544925a0cae7d1125f9bf6c58280d37546b946769a08",
                "sha256:6ff5f3180870836cae40f06fa10419f557208175f13ad7bc26caa77beb1f6e02"
            ],
            "index": "pypi",
            "version": "==2.6.0"
        },
        "negotiator": {
            "hashes": [
                "sha256:139eeb1f56af27cfc8a2d6f361c84fa517d1ce3f440c477b741689d771590be3"
            ],
            "index": "pypi",
            "version": "==1.0.0"
        },
        "psycopg2": {
            "hashes": [
                "sha256:0b9e48a1c1505699a64ac58815ca99104aacace8321e455072cee4f7fe7b2698",
                "sha256:0f4c784e1b5a320efb434c66a50b8dd7e30a7dc047e8f45c0a8d2694bfe72781",
                "sha256:0fdbaa32c9eb09ef09d425dc154628fca6fa69d2f7c1a33f889abb7e0efb3909",
                "sha256:11fbf688d5c953c0a5ba625cc42dea9aeb2321942c7c5ed9341a68f865dc8cb1",
                "sha256:19eaac4eb25ab078bd0f28304a0cb08702d120caadfe76bb1e6846ed1f68635e",
                "sha256:3232ec1a3bf4dba97fbf9b03ce12e4b6c1d01ea3c85773903a67ced725728232",
                "sha256:36f8f9c216fcca048006f6dd60e4d3e6f406afde26cfb99e063f137070139eaf",
                "sha256:59c1a0e4f9abe970062ed35d0720935197800a7ef7a62b3a9e3a70588d9ca40b",
                "sha256:6506c5ff88750948c28d41852c09c5d2a49f51f28c6d90cbf1b6808e18c64e88",
                "sha256:6bc3e68ee16f571681b8c0b6d5c0a77bef3c589012352b3f0cf5520e674e9d01",
                "sha256:6dbbd7aabbc861eec6b910522534894d9dbb507d5819bc982032c3ea2e974f51",
                "sha256:6e737915de826650d1a5f7ff4ac6cf888a26f021a647390ca7bafdba0e85462b",
                "sha256:6ed9b2cfe85abc720e8943c1808eeffd41daa73e18b7c1e1a228b0b91f768ccc",
                "sha256:711ec617ba453fdfc66616db2520db3a6d9a891e3bf62ef9aba4c95bb4e61230",
                "sha256:844dacdf7530c5c612718cf12bc001f59b2d9329d35b495f1ff25045161aa6af",
                "sha256:86b52e146da13c896e50c5a3341a9448151f1092b1a4153e425d1e8b62fec508",
                "sha256:985c06c2a0f227131733ae58d6a541a5bc8b665e7305494782bebdb74202b793",
                "sha256:a86dfe45f4f9c55b1a2312ff20a59b30da8d39c0e8821d00018372a2a177098f",
                "sha256:aa3cd07f7f7e3183b63d48300666f920828a9dbd7d7ec53d450df2c4953687a9",
                "sha256:b1964ed645ef8317806d615d9ff006c0dadc09dfc54b99ae67f9ba7a1ec9d5d2",
                "sha256:b2abbff9e4141484bb89b96eb8eae186d77bc6d5ffbec6b01783ee5c3c467351",
                "sha256:cc33c3a90492e21713260095f02b12bee02b8d1f2c03a221d763ce04fa90e2e9",
                "sha256:d7de3bf0986d777807611c36e809b77a13bf1888f5c8db0ebf24b47a52d10726",
                "sha256:db5e3c52576cc5b93a959a03ccc3b02cb8f0af1fbbdc80645f7a215f0b864f3a",
                "sha256:e168aa795ffbb11379c942cf95bf813c7db9aa55538eb61de8c6815e092416f5",
                "sha256:e9ca911f8e2d3117e5241d5fa9aaa991cb22fb0792627eeada47425d706b5ec8",
                "sha256:eccf962d41ca46e6326b97c8fe0a6687b58dfc1a5f6540ed071ff1474cea749e",
                "sha256:efa19deae6b9e504a74347fe5e25c2cb9343766c489c2ae921b05f37338b18d1",
                "sha256:f4b0460a21f784abe17b496f66e74157a6c36116fa86da8bf6aa028b9e8ad5fe",
                "sha256:f93d508ca64d924d478fb11e272e09524698f0c581d9032e68958cfbdd41faef"
            ],
            "index": "pypi",
            "version": "==2.7.5"
        },
        "pytz": {
            "hashes": [
                "sha256:642253af8eae734d1509fc6ac9c1aee5e5b69d76392660889979b9870610a46b",
                "sha256:91e3ccf2c344ffaa6defba1ce7f38f97026943f675b7703f44789768e4cb0ece"
            ],
            "version": "==2018.6"
        },
        "requests": {
            "hashes": [
                "sha256:7007e03cbc73e357b5055c6ea0ad6e447e2afa00f1a1f843cd792a1ebaa3763e",
                "sha256:8b2cc9e334b3e66aa5df15f2e4967f2c95b5164a4e6df7e92dd70ca67400912a"
            ],
            "index": "pypi",
            "version": "==2.4.0"
        },
        "static3": {
            "hashes": [
                "sha256:78393983482d8f41e6fcf91f3fd99c979ced088c4740c9f22835b96e6712897c"
            ],
            "index": "pypi",
            "version": "==0.5.1"
        }
    },
    "develop": {}
}
